// !$*UTF8*$!
{
	archiveVersion = 1;
	classes = {
	};
	objectVersion = 48;
	objects = {

/* Begin PBXBuildFile section */
		9A04BCDA20A1AB3500D2B3D7 /* AppDelegate.swift in Sources */ = {isa = PBXBuildFile; fileRef = 9A04BCD920A1AB3500D2B3D7 /* AppDelegate.swift */; };
		9A04BCDC20A1AB3500D2B3D7 /* ViewController.swift in Sources */ = {isa = PBXBuildFile; fileRef = 9A04BCDB20A1AB3500D2B3D7 /* ViewController.swift */; };
		9A04BCDF20A1AB3500D2B3D7 /* Main.storyboard in Resources */ = {isa = PBXBuildFile; fileRef = 9A04BCDD20A1AB3500D2B3D7 /* Main.storyboard */; };
		9A04BCE120A1AB3500D2B3D7 /* Assets.xcassets in Resources */ = {isa = PBXBuildFile; fileRef = 9A04BCE020A1AB3500D2B3D7 /* Assets.xcassets */; };
		9A04BCE420A1AB3500D2B3D7 /* LaunchScreen.storyboard in Resources */ = {isa = PBXBuildFile; fileRef = 9A04BCE220A1AB3500D2B3D7 /* LaunchScreen.storyboard */; };
		9A04BCEC20A1ADDE00D2B3D7 /* natural.jpg in Resources */ = {isa = PBXBuildFile; fileRef = 9A04BCEB20A1ADDD00D2B3D7 /* natural.jpg */; };
		E6696214969538E7066ABE07 /* Pods_PhotoFilter.framework in Frameworks */ = {isa = PBXBuildFile; fileRef = E46510471A55B7E39936CAA7 /* Pods_PhotoFilter.framework */; };
/* End PBXBuildFile section */

/* Begin PBXFileReference section */
		9A04BCD620A1AB3500D2B3D7 /* PhotoFilter.app */ = {isa = PBXFileReference; explicitFileType = wrapper.application; includeInIndex = 0; path = PhotoFilter.app; sourceTree = BUILT_PRODUCTS_DIR; };
		9A04BCD920A1AB3500D2B3D7 /* AppDelegate.swift */ = {isa = PBXFileReference; lastKnownFileType = sourcecode.swift; path = AppDelegate.swift; sourceTree = "<group>"; };
		9A04BCDB20A1AB3500D2B3D7 /* ViewController.swift */ = {isa = PBXFileReference; lastKnownFileType = sourcecode.swift; path = ViewController.swift; sourceTree = "<group>"; };
		9A04BCDE20A1AB3500D2B3D7 /* Base */ = {isa = PBXFileReference; lastKnownFileType = file.storyboard; name = Base; path = Base.lproj/Main.storyboard; sourceTree = "<group>"; };
		9A04BCE020A1AB3500D2B3D7 /* Assets.xcassets */ = {isa = PBXFileReference; lastKnownFileType = folder.assetcatalog; path = Assets.xcassets; sourceTree = "<group>"; };
		9A04BCE320A1AB3500D2B3D7 /* Base */ = {isa = PBXFileReference; lastKnownFileType = file.storyboard; name = Base; path = Base.lproj/LaunchScreen.storyboard; sourceTree = "<group>"; };
		9A04BCE520A1AB3500D2B3D7 /* Info.plist */ = {isa = PBXFileReference; lastKnownFileType = text.plist.xml; path = Info.plist; sourceTree = "<group>"; };
		9A04BCEB20A1ADDD00D2B3D7 /* natural.jpg */ = {isa = PBXFileReference; lastKnownFileType = image.jpeg; path = natural.jpg; sourceTree = "<group>"; };
		A53DF730D8EB11B928534D0D /* Pods-PhotoFilter.debug.xcconfig */ = {isa = PBXFileReference; includeInIndex = 1; lastKnownFileType = text.xcconfig; name = "Pods-PhotoFilter.debug.xcconfig"; path = "Pods/Target Support Files/Pods-PhotoFilter/Pods-PhotoFilter.debug.xcconfig"; sourceTree = "<group>"; };
		E46510471A55B7E39936CAA7 /* Pods_PhotoFilter.framework */ = {isa = PBXFileReference; explicitFileType = wrapper.framework; includeInIndex = 0; path = Pods_PhotoFilter.framework; sourceTree = BUILT_PRODUCTS_DIR; };
		EE098180F18F0C4028D2D485 /* Pods-PhotoFilter.release.xcconfig */ = {isa = PBXFileReference; includeInIndex = 1; lastKnownFileType = text.xcconfig; name = "Pods-PhotoFilter.release.xcconfig"; path = "Pods/Target Support Files/Pods-PhotoFilter/Pods-PhotoFilter.release.xcconfig"; sourceTree = "<group>"; };
/* End PBXFileReference section */

/* Begin PBXFrameworksBuildPhase section */
		9A04BCD320A1AB3500D2B3D7 /* Frameworks */ = {
			isa = PBXFrameworksBuildPhase;
			buildActionMask = 2147483647;
			files = (
				E6696214969538E7066ABE07 /* Pods_PhotoFilter.framework in Frameworks */,
			);
			runOnlyForDeploymentPostprocessing = 0;
		};
/* End PBXFrameworksBuildPhase section */

/* Begin PBXGroup section */
		210BD70C0FD15EA6FBF2EF4B /* Pods */ = {
			isa = PBXGroup;
			children = (
				A53DF730D8EB11B928534D0D /* Pods-PhotoFilter.debug.xcconfig */,
				EE098180F18F0C4028D2D485 /* Pods-PhotoFilter.release.xcconfig */,
			);
			name = Pods;
			sourceTree = "<group>";
		};
		9A04BCCD20A1AB3500D2B3D7 = {
			isa = PBXGroup;
			children = (
				9A04BCD820A1AB3500D2B3D7 /* PhotoFilter */,
				9A04BCD720A1AB3500D2B3D7 /* Products */,
				210BD70C0FD15EA6FBF2EF4B /* Pods */,
				C61BFDBFFEE8688B426FD6FA /* Frameworks */,
			);
			sourceTree = "<group>";
		};
		9A04BCD720A1AB3500D2B3D7 /* Products */ = {
			isa = PBXGroup;
			children = (
				9A04BCD620A1AB3500D2B3D7 /* PhotoFilter.app */,
			);
			name = Products;
			sourceTree = "<group>";
		};
		9A04BCD820A1AB3500D2B3D7 /* PhotoFilter */ = {
			isa = PBXGroup;
			children = (
				9A04BCD920A1AB3500D2B3D7 /* AppDelegate.swift */,
				9A04BCDB20A1AB3500D2B3D7 /* ViewController.swift */,
				9A04BCDD20A1AB3500D2B3D7 /* Main.storyboard */,
				9A04BCE020A1AB3500D2B3D7 /* Assets.xcassets */,
				9A04BCEB20A1ADDD00D2B3D7 /* natural.jpg */,
				9A04BCE220A1AB3500D2B3D7 /* LaunchScreen.storyboard */,
				9A04BCE520A1AB3500D2B3D7 /* Info.plist */,
			);
			path = PhotoFilter;
			sourceTree = "<group>";
		};
		C61BFDBFFEE8688B426FD6FA /* Frameworks */ = {
			isa = PBXGroup;
			children = (
				E46510471A55B7E39936CAA7 /* Pods_PhotoFilter.framework */,
			);
			name = Frameworks;
			sourceTree = "<group>";
		};
/* End PBXGroup section */

/* Begin PBXNativeTarget section */
		9A04BCD520A1AB3500D2B3D7 /* PhotoFilter */ = {
			isa = PBXNativeTarget;
			buildConfigurationList = 9A04BCE820A1AB3500D2B3D7 /* Build configuration list for PBXNativeTarget "PhotoFilter" */;
			buildPhases = (
				94945CCFDF190EB6A7106CB2 /* [CP] Check Pods Manifest.lock */,
				9A04BCD220A1AB3500D2B3D7 /* Sources */,
				9A04BCD320A1AB3500D2B3D7 /* Frameworks */,
				9A04BCD420A1AB3500D2B3D7 /* Resources */,
				319337853AD0048FFD822BEF /* [CP] Embed Pods Frameworks */,
				A90F4E562304CABD78E0CCDE /* [CP] Copy Pods Resources */,
			);
			buildRules = (
			);
			dependencies = (
			);
			name = PhotoFilter;
			productName = PhotoFilter;
			productReference = 9A04BCD620A1AB3500D2B3D7 /* PhotoFilter.app */;
			productType = "com.apple.product-type.application";
		};
/* End PBXNativeTarget section */

/* Begin PBXProject section */
		9A04BCCE20A1AB3500D2B3D7 /* Project object */ = {
			isa = PBXProject;
			attributes = {
				LastSwiftUpdateCheck = 0910;
				LastUpgradeCheck = 0910;
				ORGANIZATIONNAME = Nagiz;
				TargetAttributes = {
					9A04BCD520A1AB3500D2B3D7 = {
						CreatedOnToolsVersion = 9.1;
						ProvisioningStyle = Automatic;
					};
				};
			};
			buildConfigurationList = 9A04BCD120A1AB3500D2B3D7 /* Build configuration list for PBXProject "PhotoFilter" */;
			compatibilityVersion = "Xcode 8.0";
			developmentRegion = en;
			hasScannedForEncodings = 0;
			knownRegions = (
				en,
				Base,
			);
			mainGroup = 9A04BCCD20A1AB3500D2B3D7;
			productRefGroup = 9A04BCD720A1AB3500D2B3D7 /* Products */;
			projectDirPath = "";
			projectRoot = "";
			targets = (
				9A04BCD520A1AB3500D2B3D7 /* PhotoFilter */,
			);
		};
/* End PBXProject section */

/* Begin PBXResourcesBuildPhase section */
		9A04BCD420A1AB3500D2B3D7 /* Resources */ = {
			isa = PBXResourcesBuildPhase;
			buildActionMask = 2147483647;
			files = (
				9A04BCE420A1AB3500D2B3D7 /* LaunchScreen.storyboard in Resources */,
				9A04BCEC20A1ADDE00D2B3D7 /* natural.jpg in Resources */,
				9A04BCE120A1AB3500D2B3D7 /* Assets.xcassets in Resources */,
				9A04BCDF20A1AB3500D2B3D7 /* Main.storyboard in Resources */,
			);
			runOnlyForDeploymentPostprocessing = 0;
		};
/* End PBXResourcesBuildPhase section */

/* Begin PBXShellScriptBuildPhase section */
		319337853AD0048FFD822BEF /* [CP] Embed Pods Frameworks */ = {
			isa = PBXShellScriptBuildPhase;
			buildActionMask = 2147483647;
			files = (
			);
			inputPaths = (
				"${SRCROOT}/Pods/Target Support Files/Pods-PhotoFilter/Pods-PhotoFilter-frameworks.sh",
				"${BUILT_PRODUCTS_DIR}/Sharaku/Sharaku.framework",
			);
			name = "[CP] Embed Pods Frameworks";
			outputPaths = (
				"${TARGET_BUILD_DIR}/${FRAMEWORKS_FOLDER_PATH}/Sharaku.framework",
			);
			runOnlyForDeploymentPostprocessing = 0;
			shellPath = /bin/sh;
			shellScript = "\"${SRCROOT}/Pods/Target Support Files/Pods-PhotoFilter/Pods-PhotoFilter-frameworks.sh\"\n";
			showEnvVarsInLog = 0;
		};
		94945CCFDF190EB6A7106CB2 /* [CP] Check Pods Manifest.lock */ = {
			isa = PBXShellScriptBuildPhase;
			buildActionMask = 2147483647;
			files = (
			);
			inputPaths = (
				"${PODS_PODFILE_DIR_PATH}/Podfile.lock",
				"${PODS_ROOT}/Manifest.lock",
			);
			name = "[CP] Check Pods Manifest.lock";
			outputPaths = (
				"$(DERIVED_FILE_DIR)/Pods-PhotoFilter-checkManifestLockResult.txt",
			);
			runOnlyForDeploymentPostprocessing = 0;
			shellPath = /bin/sh;
			shellScript = "diff \"${PODS_PODFILE_DIR_PATH}/Podfile.lock\" \"${PODS_ROOT}/Manifest.lock\" > /dev/null\nif [ $? != 0 ] ; then\n    # print error to STDERR\n    echo \"error: The sandbox is not in sync with the Podfile.lock. Run 'pod install' or update your CocoaPods installation.\" >&2\n    exit 1\nfi\n# This output is used by Xcode 'outputs' to avoid re-running this script phase.\necho \"SUCCESS\" > \"${SCRIPT_OUTPUT_FILE_0}\"\n";
			showEnvVarsInLog = 0;
		};
		A90F4E562304CABD78E0CCDE /* [CP] Copy Pods Resources */ = {
			isa = PBXShellScriptBuildPhase;
			buildActionMask = 2147483647;
			files = (
			);
			inputPaths = (
			);
			name = "[CP] Copy Pods Resources";
			outputPaths = (
			);
			runOnlyForDeploymentPostprocessing = 0;
			shellPath = /bin/sh;
			shellScript = "\"${SRCROOT}/Pods/Target Support Files/Pods-PhotoFilter/Pods-PhotoFilter-resources.sh\"\n";
			showEnvVarsInLog = 0;
		};
/* End PBXShellScriptBuildPhase section */

/* Begin PBXSourcesBuildPhase section */
		9A04BCD220A1AB3500D2B3D7 /* Sources */ = {
			isa = PBXSourcesBuildPhase;
			buildActionMask = 2147483647;
			files = (
				9A04BCDC20A1AB3500D2B3D7 /* ViewController.swift in Sources */,
				9A04BCDA20A1AB3500D2B3D7 /* AppDelegate.swift in Sources */,
			);
			runOnlyForDeploymentPostprocessing = 0;
		};
/* End PBXSourcesBuildPhase section */

/* Begin PBXVariantGroup section */
		9A04BCDD20A1AB3500D2B3D7 /* Main.storyboard */ = {
			isa = PBXVariantGroup;
			children = (
				9A04BCDE20A1AB3500D2B3D7 /* Base */,
			);
			name = Main.storyboard;
			sourceTree = "<group>";
		};
		9A04BCE220A1AB3500D2B3D7 /* LaunchScreen.storyboard */ = {
			isa = PBXVariantGroup;
			children = (
				9A04BCE320A1AB3500D2B3D7 /* Base */,
			);
			name = LaunchScreen.storyboard;
			sourceTree = "<group>";
		};
/* End PBXVariantGroup section */

/* Begin XCBuildConfiguration section */
		9A04BCE620A1AB3500D2B3D7 /* Debug */ = {
			isa = XCBuildConfiguration;
			buildSettings = {
				ALWAYS_SEARCH_USER_PATHS = NO;
				CLANG_ANALYZER_NONNULL = YES;
				CLANG_ANALYZER_NUMBER_OBJECT_CONVERSION = YES_AGGRESSIVE;
				CLANG_CXX_LANGUAGE_STANDARD = "gnu++14";
				CLANG_CXX_LIBRARY = "libc++";
				CLANG_ENABLE_MODULES = YES;
				CLANG_ENABLE_OBJC_ARC = YES;
				CLANG_WARN_BLOCK_CAPTURE_AUTORELEASING = YES;
				CLANG_WARN_BOOL_CONVERSION = YES;
				CLANG_WARN_COMMA = YES;
				CLANG_WARN_CONSTANT_CONVERSION = YES;
				CLANG_WARN_DIRECT_OBJC_ISA_USAGE = YES_ERROR;
				CLANG_WARN_DOCUMENTATION_COMMENTS = YES;
				CLANG_WARN_EMPTY_BODY = YES;
				CLANG_WARN_ENUM_CONVERSION = YES;
				CLANG_WARN_INFINITE_RECURSION = YES;
				CLANG_WARN_INT_CONVERSION = YES;
				CLANG_WARN_NON_LITERAL_NULL_CONVERSION = YES;
				CLANG_WARN_OBJC_LITERAL_CONVERSION = YES;
				CLANG_WARN_OBJC_ROOT_CLASS = YES_ERROR;
				CLANG_WARN_RANGE_LOOP_ANALYSIS = YES;
				CLANG_WARN_STRICT_PROTOTYPES = YES;
				CLANG_WARN_SUSPICIOUS_MOVE = YES;
				CLANG_WARN_UNGUARDED_AVAILABILITY = YES_AGGRESSIVE;
				CLANG_WARN_UNREACHABLE_CODE = YES;
				CLANG_WARN__DUPLICATE_METHOD_MATCH = YES;
				CODE_SIGN_IDENTITY = "iPhone Developer";
				COPY_PHASE_STRIP = NO;
				DEBUG_INFORMATION_FORMAT = dwarf;
				ENABLE_STRICT_OBJC_MSGSEND = YES;
				ENABLE_TESTABILITY = YES;
				GCC_C_LANGUAGE_STANDARD = gnu11;
				GCC_DYNAMIC_NO_PIC = NO;
				GCC_NO_COMMON_BLOCKS = YES;
				GCC_OPTIMIZATION_LEVEL = 0;
				GCC_PREPROCESSOR_DEFINITIONS = (
					"DEBUG=1",
					"$(inherited)",
				);
				GCC_WARN_64_TO_32_BIT_CONVERSION = YES;
				GCC_WARN_ABOUT_RETURN_TYPE = YES_ERROR;
				GCC_WARN_UNDECLARED_SELECTOR = YES;
				GCC_WARN_UNINITIALIZED_AUTOS = YES_AGGRESSIVE;
				GCC_WARN_UNUSED_FUNCTION = YES;
				GCC_WARN_UNUSED_VARIABLE = YES;
				IPHONEOS_DEPLOYMENT_TARGET = 11.1;
				MTL_ENABLE_DEBUG_INFO = YES;
				ONLY_ACTIVE_ARCH = YES;
				SDKROOT = iphoneos;
				SWIFT_ACTIVE_COMPILATION_CONDITIONS = DEBUG;
				SWIFT_OPTIMIZATION_LEVEL = "-Onone";
			};
			name = Debug;
		};
		9A04BCE720A1AB3500D2B3D7 /* Release */ = {
			isa = XCBuildConfiguration;
			buildSettings = {
				ALWAYS_SEARCH_USER_PATHS = NO;
				CLANG_ANALYZER_NONNULL = YES;
				CLANG_ANALYZER_NUMBER_OBJECT_CONVERSION = YES_AGGRESSIVE;
				CLANG_CXX_LANGUAGE_STANDARD = "gnu++14";
				CLANG_CXX_LIBRARY = "libc++";
				CLANG_ENABLE_MODULES = YES;
				CLANG_ENABLE_OBJC_ARC = YES;
				CLANG_WARN_BLOCK_CAPTURE_AUTORELEASING = YES;
				CLANG_WARN_BOOL_CONVERSION = YES;
				CLANG_WARN_COMMA = YES;
				CLANG_WARN_CONSTANT_CONVERSION = YES;
				CLANG_WARN_DIRECT_OBJC_ISA_USAGE = YES_ERROR;
				CLANG_WARN_DOCUMENTATION_COMMENTS = YES;
				CLANG_WARN_EMPTY_BODY = YES;
				CLANG_WARN_ENUM_CONVERSION = YES;
				CLANG_WARN_INFINITE_RECURSION = YES;
				CLANG_WARN_INT_CONVERSION = YES;
				CLANG_WARN_NON_LITERAL_NULL_CONVERSION = YES;
				CLANG_WARN_OBJC_LITERAL_CONVERSION = YES;
				CLANG_WARN_OBJC_ROOT_CLASS = YES_ERROR;
				CLANG_WARN_RANGE_LOOP_ANALYSIS = YES;
				CLANG_WARN_STRICT_PROTOTYPES = YES;
				CLANG_WARN_SUSPICIOUS_MOVE = YES;
				CLANG_WARN_UNGUARDED_AVAILABILITY = YES_AGGRESSIVE;
				CLANG_WARN_UNREACHABLE_CODE = YES;
				CLANG_WARN__DUPLICATE_METHOD_MATCH = YES;
				CODE_SIGN_IDENTITY = "iPhone Developer";
				COPY_PHASE_STRIP = NO;
				DEBUG_INFORMATION_FORMAT = "dwarf-with-dsym";
				ENABLE_NS_ASSERTIONS = NO;
				ENABLE_STRICT_OBJC_MSGSEND = YES;
				GCC_C_LANGUAGE_STANDARD = gnu11;
				GCC_NO_COMMON_BLOCKS = YES;
				GCC_WARN_64_TO_32_BIT_CONVERSION = YES;
				GCC_WARN_ABOUT_RETURN_TYPE = YES_ERROR;
				GCC_WARN_UNDECLARED_SELECTOR = YES;
				GCC_WARN_UNINITIALIZED_AUTOS = YES_AGGRESSIVE;
				GCC_WARN_UNUSED_FUNCTION = YES;
				GCC_WARN_UNUSED_VARIABLE = YES;
				IPHONEOS_DEPLOYMENT_TARGET = 11.1;
				MTL_ENABLE_DEBUG_INFO = NO;
				SDKROOT = iphoneos;
				SWIFT_OPTIMIZATION_LEVEL = "-Owholemodule";
				VALIDATE_PRODUCT = YES;
			};
			name = Release;
		};
		9A04BCE920A1AB3500D2B3D7 /* Debug */ = {
			isa = XCBuildConfiguration;
			baseConfigurationReference = A53DF730D8EB11B928534D0D /* Pods-PhotoFilter.debug.xcconfig */;
			buildSettings = {
				ASSETCATALOG_COMPILER_APPICON_NAME = AppIcon;
				CODE_SIGN_STYLE = Automatic;
				INFOPLIST_FILE = PhotoFilter/Info.plist;
				IPHONEOS_DEPLOYMENT_TARGET = 10.1;
				LD_RUNPATH_SEARCH_PATHS = "$(inherited) @executable_path/Frameworks";
				PRODUCT_BUNDLE_IDENTIFIER = com.Nagiz.PhotoFilter;
				PRODUCT_NAME = "$(TARGET_NAME)";
				SWIFT_VERSION = 4.0;
				TARGETED_DEVICE_FAMILY = 1;
			};
			name = Debug;
		};
		9A04BCEA20A1AB3500D2B3D7 /* Release */ = {
			isa = XCBuildConfiguration;
			baseConfigurationReference = EE098180F18F0C4028D2D485 /* Pods-PhotoFilter.release.xcconfig */;
			buildSettings = {
				ASSETCATALOG_COMPILER_APPICON_NAME = AppIcon;
				CODE_SIGN_STYLE = Automatic;
				INFOPLIST_FILE = PhotoFilter/Info.plist;
				IPHONEOS_DEPLOYMENT_TARGET = 10.1;
				LD_RUNPATH_SEARCH_PATHS = "$(inherited) @executable_path/Frameworks";
				PRODUCT_BUNDLE_IDENTIFIER = com.Nagiz.PhotoFilter;
				PRODUCT_NAME = "$(TARGET_NAME)";
				SWIFT_VERSION = 4.0;
				TARGETED_DEVICE_FAMILY = 1;
			};
			name = Release;
		};
/* End XCBuildConfiguration section */

/* Begin XCConfigurationList section */
		9A04BCD120A1AB3500D2B3D7 /* Build configuration list for PBXProject "PhotoFilter" */ = {
			isa = XCConfigurationList;
			buildConfigurations = (
				9A04BCE620A1AB3500D2B3D7 /* Debug */,
				9A04BCE720A1AB3500D2B3D7 /* Release */,
			);
			defaultConfigurationIsVisible = 0;
			defaultConfigurationName = Release;
		};
		9A04BCE820A1AB3500D2B3D7 /* Build configuration list for PBXNativeTarget "PhotoFilter" */ = {
			isa = XCConfigurationList;
			buildConfigurations = (
				9A04BCE920A1AB3500D2B3D7 /* Debug */,
				9A04BCEA20A1AB3500D2B3D7 /* Release */,
			);
			defaultConfigurationIsVisible = 0;
			defaultConfigurationName = Release;
		};
/* End XCConfigurationList section */
	};
	rootObject = 9A04BCCE20A1AB3500D2B3D7 /* Project object */;
}
